
Microsoft Visual Studio Solution File, Format Version 12.00
# Visual Studio 14
VisualStudioVersion = 14.0.25420.1
MinimumVisualStudioVersion = 10.0.40219.1
Project("{FAE04EC0-301F-11D3-BF4B-00C04F79EFBC}") = "WebAppFormAuth", "WebAppFormAuth\WebAppFormAuth.csproj", "{CC461D32-92D4-4336-9404-4D67C7FC0A44}"
EndProject
Project("{2150E333-8FDC-42A3-9474-1A3956D46DE8}") = "source", "source", "{EF54601F-CA54-4890-A291-B92FCA2B4FA2}"
EndProject
Project("{FAE04EC0-301F-11D3-BF4B-00C04F79EFBC}") = "Microsoft.AspNet.Identity.Core", "source\Microsoft.AspNet.Identity\Microsoft.AspNet.Identity.Core\Microsoft.AspNet.Identity.Core.csproj", "{D2F24972-0F56-4C18-BD65-C26A320A0C68}"
EndProject
Project("{FAE04EC0-301F-11D3-BF4B-00C04F79EFBC}") = "Microsoft.AspNet.Identity.EntityFramework", "source\Microsoft.AspNet.Identity\Microsoft.AspNet.Identity.EntityFramework\Microsoft.AspNet.Identity.EntityFramework.csproj", "{D7298DAD-AB04-4502-9567-0461D0AD059E}"
EndProject
Project("{FAE04EC0-301F-11D3-BF4B-00C04F79EFBC}") = "Microsoft.AspNet.Identity.Owin", "source\Microsoft.AspNet.Identity\Microsoft.AspNet.Identity.Owin\Microsoft.AspNet.Identity.Owin.csproj", "{943170EB-F4E7-4A6D-989E-2CF6C681DD89}"
EndProject
Project("{FAE04EC0-301F-11D3-BF4B-00C04F79EFBC}") = "Microsoft.Owin.Security", "source\Microsoft.Owin\Microsoft.Owin.Security\Microsoft.Owin.Security.csproj", "{AAAF8157-1E33-4D6C-8319-3B304D018005}"
EndProject
Project("{FAE04EC0-301F-11D3-BF4B-00C04F79EFBC}") = "Microsoft.Owin", "source\Microsoft.Owin\Microsoft.Owin\Microsoft.Owin.csproj", "{0DB69CAE-B0BC-4688-9467-66B4C1023D3F}"
EndProject
Global
	GlobalSection(SolutionConfigurationPlatforms) = preSolution
		Debug|Any CPU = Debug|Any CPU
		Release|Any CPU = Release|Any CPU
	EndGlobalSection
	GlobalSection(ProjectConfigurationPlatforms) = postSolution
		{CC461D32-92D4-4336-9404-4D67C7FC0A44}.Debug|Any CPU.ActiveCfg = Debug|Any CPU
		{CC461D32-92D4-4336-9404-4D67C7FC0A44}.Debug|Any CPU.Build.0 = Debug|Any CPU
		{CC461D32-92D4-4336-9404-4D67C7FC0A44}.Release|Any CPU.ActiveCfg = Release|Any CPU
		{CC461D32-92D4-4336-9404-4D67C7FC0A44}.Release|Any CPU.Build.0 = Release|Any CPU
		{D2F24972-0F56-4C18-BD65-C26A320A0C68}.Debug|Any CPU.ActiveCfg = Debug|Any CPU
		{D2F24972-0F56-4C18-BD65-C26A320A0C68}.Debug|Any CPU.Build.0 = Debug|Any CPU
		{D2F24972-0F56-4C18-BD65-C26A320A0C68}.Release|Any CPU.ActiveCfg = Release|Any CPU
		{D2F24972-0F56-4C18-BD65-C26A320A0C68}.Release|Any CPU.Build.0 = Release|Any CPU
		{D7298DAD-AB04-4502-9567-0461D0AD059E}.Debug|Any CPU.ActiveCfg = Debug|Any CPU
		{D7298DAD-AB04-4502-9567-0461D0AD059E}.Debug|Any CPU.Build.0 = Debug|Any CPU
		{D7298DAD-AB04-4502-9567-0461D0AD059E}.Release|Any CPU.ActiveCfg = Release|Any CPU
		{D7298DAD-AB04-4502-9567-0461D0AD059E}.Release|Any CPU.Build.0 = Release|Any CPU
		{943170EB-F4E7-4A6D-989E-2CF6C681DD89}.Debug|Any CPU.ActiveCfg = Debug|Any CPU
		{943170EB-F4E7-4A6D-989E-2CF6C681DD89}.Debug|Any CPU.Build.0 = Debug|Any CPU
		{943170EB-F4E7-4A6D-989E-2CF6C681DD89}.Release|Any CPU.ActiveCfg = Release|Any CPU
		{943170EB-F4E7-4A6D-989E-2CF6C681DD89}.Release|Any CPU.Build.0 = Release|Any CPU
		{AAAF8157-1E33-4D6C-8319-3B304D018005}.Debug|Any CPU.ActiveCfg = Debug|Any CPU
		{AAAF8157-1E33-4D6C-8319-3B304D018005}.Debug|Any CPU.Build.0 = Debug|Any CPU
		{AAAF8157-1E33-4D6C-8319-3B304D018005}.Release|Any CPU.ActiveCfg = Release|Any CPU
		{AAAF8157-1E33-4D6C-8319-3B304D018005}.Release|Any CPU.Build.0 = Release|Any CPU
		{0DB69CAE-B0BC-4688-9467-66B4C1023D3F}.Debug|Any CPU.ActiveCfg = Debug|Any CPU
		{0DB69CAE-B0BC-4688-9467-66B4C1023D3F}.Debug|Any CPU.Build.0 = Debug|Any CPU
		{0DB69CAE-B0BC-4688-9467-66B4C1023D3F}.Release|Any CPU.ActiveCfg = Release|Any CPU
		{0DB69CAE-B0BC-4688-9467-66B4C1023D3F}.Release|Any CPU.Build.0 = Release|Any CPU
	EndGlobalSection
	GlobalSection(SolutionProperties) = preSolution
		HideSolutionNode = FALSE
	EndGlobalSection
	GlobalSection(NestedProjects) = preSolution
		{D2F24972-0F56-4C18-BD65-C26A320A0C68} = {EF54601F-CA54-4890-A291-B92FCA2B4FA2}
		{D7298DAD-AB04-4502-9567-0461D0AD059E} = {EF54601F-CA54-4890-A291-B92FCA2B4FA2}
		{943170EB-F4E7-4A6D-989E-2CF6C681DD89} = {EF54601F-CA54-4890-A291-B92FCA2B4FA2}
		{AAAF8157-1E33-4D6C-8319-3B304D018005} = {EF54601F-CA54-4890-A291-B92FCA2B4FA2}
		{0DB69CAE-B0BC-4688-9467-66B4C1023D3F} = {EF54601F-CA54-4890-A291-B92FCA2B4FA2}
	EndGlobalSection
EndGlobal
